
Microsoft Visual Studio Solution File, Format Version 12.00
# Visual Studio Version 16
VisualStudioVersion = 16.0.31112.23
MinimumVisualStudioVersion = 10.0.40219.1
Project("{FAE04EC0-301F-11D3-BF4B-00C04F79EFBC}") = "CLHCodeChallenge", "CLHCodeChallenge\CLHCodeChallenge.csproj", "{4D35E2FC-EDDD-438B-A993-4FC586032694}"
EndProject
Global
	GlobalSection(SolutionConfigurationPlatforms) = preSolution
		Debug|Any CPU = Debug|Any CPU
		Release|Any CPU = Release|Any CPU
	EndGlobalSection
	GlobalSection(ProjectConfigurationPlatforms) = postSolution
		{4D35E2FC-EDDD-438B-A993-4FC586032694}.Debug|Any CPU.ActiveCfg = Debug|Any CPU
		{4D35E2FC-EDDD-438B-A993-4FC586032694}.Debug|Any CPU.Build.0 = Debug|Any CPU
		{4D35E2FC-EDDD-438B-A993-4FC586032694}.Release|Any CPU.ActiveCfg = Release|Any CPU
		{4D35E2FC-EDDD-438B-A993-4FC586032694}.Release|Any CPU.Build.0 = Release|Any CPU
	EndGlobalSection
	GlobalSection(SolutionProperties) = preSolution
		HideSolutionNode = FALSE
	EndGlobalSection
	GlobalSection(ExtensibilityGlobals) = postSolution
		SolutionGuid = {E66F9F58-105F-4377-8724-BFC40826F3B4}
	EndGlobalSection
EndGlobal
